
Microsoft Visual Studio Solution File, Format Version 12.00
# Visual Studio Version 17
VisualStudioVersion = 17.5.33627.172
MinimumVisualStudioVersion = 10.0.40219.1
Project("{9A19103F-16F7-4668-BE54-9A1E7A4F7556}") = "PrimeFactorsLib", "PrimeFactorsLib\PrimeFactorsLib.csproj", "{08274CAF-FEDE-4BEC-9A0B-F10E8FFE6B2D}"
EndProject
Project("{9A19103F-16F7-4668-BE54-9A1E7A4F7556}") = "PrimeFactorsTests", "PrimeFactorsTests\PrimeFactorsTests.csproj", "{F351FDC5-7CDD-4800-B504-AE857B9548EE}"
EndProject
Project("{FAE04EC0-301F-11D3-BF4B-00C04F79EFBC}") = "PrimeFactorsApp", "PrimeFactorsApp\PrimeFactorsApp.csproj", "{9B008C8D-62CB-4CC3-8849-567C837939C1}"
EndProject
Global
	GlobalSection(SolutionConfigurationPlatforms) = preSolution
		Debug|Any CPU = Debug|Any CPU
		Release|Any CPU = Release|Any CPU
	EndGlobalSection
	GlobalSection(ProjectConfigurationPlatforms) = postSolution
		{08274CAF-FEDE-4BEC-9A0B-F10E8FFE6B2D}.Debug|Any CPU.ActiveCfg = Debug|Any CPU
		{08274CAF-FEDE-4BEC-9A0B-F10E8FFE6B2D}.Debug|Any CPU.Build.0 = Debug|Any CPU
		{08274CAF-FEDE-4BEC-9A0B-F10E8FFE6B2D}.Release|Any CPU.ActiveCfg = Release|Any CPU
		{08274CAF-FEDE-4BEC-9A0B-F10E8FFE6B2D}.Release|Any CPU.Build.0 = Release|Any CPU
		{F351FDC5-7CDD-4800-B504-AE857B9548EE}.Debug|Any CPU.ActiveCfg = Debug|Any CPU
		{F351FDC5-7CDD-4800-B504-AE857B9548EE}.Debug|Any CPU.Build.0 = Debug|Any CPU
		{F351FDC5-7CDD-4800-B504-AE857B9548EE}.Release|Any CPU.ActiveCfg = Release|Any CPU
		{F351FDC5-7CDD-4800-B504-AE857B9548EE}.Release|Any CPU.Build.0 = Release|Any CPU
		{9B008C8D-62CB-4CC3-8849-567C837939C1}.Debug|Any CPU.ActiveCfg = Debug|Any CPU
		{9B008C8D-62CB-4CC3-8849-567C837939C1}.Debug|Any CPU.Build.0 = Debug|Any CPU
		{9B008C8D-62CB-4CC3-8849-567C837939C1}.Release|Any CPU.ActiveCfg = Release|Any CPU
		{9B008C8D-62CB-4CC3-8849-567C837939C1}.Release|Any CPU.Build.0 = Release|Any CPU
	EndGlobalSection
	GlobalSection(SolutionProperties) = preSolution
		HideSolutionNode = FALSE
	EndGlobalSection
	GlobalSection(ExtensibilityGlobals) = postSolution
		SolutionGuid = {B1B27A46-9CDB-4259-AC69-FDD4211D0C23}
	EndGlobalSection
EndGlobal
